// !$*UTF8*$!
{
	archiveVersion = 1;
	classes = {
	};
	objectVersion = 55;
	objects = {

/* Begin PBXBuildFile section */
		632311742750F2CF00E626CA /* LocationTypeFilterViewController.swift in Sources */ = {isa = PBXBuildFile; fileRef = 632311732750F2CE00E626CA /* LocationTypeFilterViewController.swift */; };
		63231176275102BA00E626CA /* LocationDimensionFilterViewController.swift in Sources */ = {isa = PBXBuildFile; fileRef = 63231175275102BA00E626CA /* LocationDimensionFilterViewController.swift */; };
		63346F072738431E007E642F /* HeaderTableViewCell.swift in Sources */ = {isa = PBXBuildFile; fileRef = 63346F062738431E007E642F /* HeaderTableViewCell.swift */; };
		63366DDF2732CD7400DE3AAD /* TableView.swift in Sources */ = {isa = PBXBuildFile; fileRef = 63366DDE2732CD7400DE3AAD /* TableView.swift */; };
		63366DE12732D02E00DE3AAD /* CharactersFilterViewController.swift in Sources */ = {isa = PBXBuildFile; fileRef = 63366DE02732D02E00DE3AAD /* CharactersFilterViewController.swift */; };
		63366DE32732E1FE00DE3AAD /* FilterCell.swift in Sources */ = {isa = PBXBuildFile; fileRef = 63366DE22732E1FE00DE3AAD /* FilterCell.swift */; };
		63413240274A64D3005D6344 /* CharacterNameFilterViewController.swift in Sources */ = {isa = PBXBuildFile; fileRef = 6341323F274A64D3005D6344 /* CharacterNameFilterViewController.swift */; };
		63413242274A64EE005D6344 /* NameFilterView.swift in Sources */ = {isa = PBXBuildFile; fileRef = 63413241274A64EE005D6344 /* NameFilterView.swift */; };
		63413244274A6520005D6344 /* CharacterSpeciesFilterViewController.swift in Sources */ = {isa = PBXBuildFile; fileRef = 63413243274A6520005D6344 /* CharacterSpeciesFilterViewController.swift */; };
		63457E052742A58E009D81E5 /* CustomButtons.swift in Sources */ = {isa = PBXBuildFile; fileRef = 63457E042742A58D009D81E5 /* CustomButtons.swift */; };
		63507D0B273022D7008CB402 /* AppDelegate.swift in Sources */ = {isa = PBXBuildFile; fileRef = 63507D0A273022D7008CB402 /* AppDelegate.swift */; };
		63507D0D273022D7008CB402 /* SceneDelegate.swift in Sources */ = {isa = PBXBuildFile; fileRef = 63507D0C273022D7008CB402 /* SceneDelegate.swift */; };
		63507D14273022D9008CB402 /* Assets.xcassets in Resources */ = {isa = PBXBuildFile; fileRef = 63507D13273022D9008CB402 /* Assets.xcassets */; };
		63507D17273022D9008CB402 /* LaunchScreen.storyboard in Resources */ = {isa = PBXBuildFile; fileRef = 63507D15273022D9008CB402 /* LaunchScreen.storyboard */; };
		63507D23273032CD008CB402 /* Character.swift in Sources */ = {isa = PBXBuildFile; fileRef = 63507D22273032CD008CB402 /* Character.swift */; };
		63507D252730332A008CB402 /* Episode.swift in Sources */ = {isa = PBXBuildFile; fileRef = 63507D242730332A008CB402 /* Episode.swift */; };
		63507D2727303352008CB402 /* Location.swift in Sources */ = {isa = PBXBuildFile; fileRef = 63507D2627303352008CB402 /* Location.swift */; };
		63507D2D273033D2008CB402 /* sf-pro-text-regular.ttf in Resources */ = {isa = PBXBuildFile; fileRef = 63507D29273033D2008CB402 /* sf-pro-text-regular.ttf */; };
		63507D2E273033D2008CB402 /* sf-pro-text-semibold.ttf in Resources */ = {isa = PBXBuildFile; fileRef = 63507D2A273033D2008CB402 /* sf-pro-text-semibold.ttf */; };
		63507D2F273033D2008CB402 /* sf-pro-text-bold.ttf in Resources */ = {isa = PBXBuildFile; fileRef = 63507D2B273033D2008CB402 /* sf-pro-text-bold.ttf */; };
		63507D30273033D2008CB402 /* sf-pro-text-medium.ttf in Resources */ = {isa = PBXBuildFile; fileRef = 63507D2C273033D2008CB402 /* sf-pro-text-medium.ttf */; };
		63507D362730350A008CB402 /* UIColor+Extensions.swift in Sources */ = {isa = PBXBuildFile; fileRef = 63507D352730350A008CB402 /* UIColor+Extensions.swift */; };
		63507D392730354C008CB402 /* NetworkManager.swift in Sources */ = {isa = PBXBuildFile; fileRef = 63507D382730354C008CB402 /* NetworkManager.swift */; };
		63507D3F27303686008CB402 /* CollectionView.swift in Sources */ = {isa = PBXBuildFile; fileRef = 63507D3E27303686008CB402 /* CollectionView.swift */; };
		63507D41273036FB008CB402 /* CharactersCollectionViewCell.swift in Sources */ = {isa = PBXBuildFile; fileRef = 63507D40273036FB008CB402 /* CharactersCollectionViewCell.swift */; };
		63507D432730373F008CB402 /* CharactersViewController.swift in Sources */ = {isa = PBXBuildFile; fileRef = 63507D422730373F008CB402 /* CharactersViewController.swift */; };
		635515DA27501582005E82B1 /* LocationNameFilterViewController.swift in Sources */ = {isa = PBXBuildFile; fileRef = 635515D927501582005E82B1 /* LocationNameFilterViewController.swift */; };
		636278AD274FFF9900FE9317 /* LocationsFilterViewController.swift in Sources */ = {isa = PBXBuildFile; fileRef = 636278AC274FFF9900FE9317 /* LocationsFilterViewController.swift */; };
		63632FE827491FDD009588C9 /* HeaderSection.swift in Sources */ = {isa = PBXBuildFile; fileRef = 63632FE727491FDD009588C9 /* HeaderSection.swift */; };
		6363E91827398C8E00BFD947 /* FilterTypes.swift in Sources */ = {isa = PBXBuildFile; fileRef = 6363E91727398C8E00BFD947 /* FilterTypes.swift */; };
		6367666127525994001ADC71 /* EpisodesFilterViewController.swift in Sources */ = {isa = PBXBuildFile; fileRef = 6367666027525994001ADC71 /* EpisodesFilterViewController.swift */; };
		63676663275264D5001ADC71 /* EpisodesNameFilterViewController.swift in Sources */ = {isa = PBXBuildFile; fileRef = 63676662275264D5001ADC71 /* EpisodesNameFilterViewController.swift */; };
		636768AA274E672200D95274 /* NavigationTitleView.swift in Sources */ = {isa = PBXBuildFile; fileRef = 636768A9274E672200D95274 /* NavigationTitleView.swift */; };
		63677DFD2751286B00072D5C /* DetailsView.swift in Sources */ = {isa = PBXBuildFile; fileRef = 63677DFC2751286B00072D5C /* DetailsView.swift */; };
		63677DFF275128AE00072D5C /* DetailsHeaderView.swift in Sources */ = {isa = PBXBuildFile; fileRef = 63677DFE275128AE00072D5C /* DetailsHeaderView.swift */; };
		63677E01275130A100072D5C /* LocationDetailsController.swift in Sources */ = {isa = PBXBuildFile; fileRef = 63677E00275130A100072D5C /* LocationDetailsController.swift */; };
		63693E7B27344C7600759076 /* RadioFilterCell.swift in Sources */ = {isa = PBXBuildFile; fileRef = 63693E7A27344C7600759076 /* RadioFilterCell.swift */; };
		6369CA75274152DA00983D70 /* FilterCriterias.swift in Sources */ = {isa = PBXBuildFile; fileRef = 6369CA74274152DA00983D70 /* FilterCriterias.swift */; };
		6369DDF3274FA41200A0F7F1 /* LocationsViewController.swift in Sources */ = {isa = PBXBuildFile; fileRef = 6369DDF2274FA41200A0F7F1 /* LocationsViewController.swift */; };
		6369DDF5274FA5E800A0F7F1 /* TabBarController.swift in Sources */ = {isa = PBXBuildFile; fileRef = 6369DDF4274FA5E800A0F7F1 /* TabBarController.swift */; };
		636DCD8927480B4D001EF74E /* DetailsInformationCell.swift in Sources */ = {isa = PBXBuildFile; fileRef = 636DCD8827480B4D001EF74E /* DetailsInformationCell.swift */; };
		636DCD8B27480BA6001EF74E /* EpisodeCell.swift in Sources */ = {isa = PBXBuildFile; fileRef = 636DCD8A27480BA6001EF74E /* EpisodeCell.swift */; };
		6374959D2746885C00D0F2B5 /* CharacterDetailsController.swift in Sources */ = {isa = PBXBuildFile; fileRef = 6374959C2746885C00D0F2B5 /* CharacterDetailsController.swift */; };
		6374959F2746A86C00D0F2B5 /* CharacterDetailsView.swift in Sources */ = {isa = PBXBuildFile; fileRef = 6374959E2746A86C00D0F2B5 /* CharacterDetailsView.swift */; };
		637495A12746A92600D0F2B5 /* CharacterDetailsHeaderView.swift in Sources */ = {isa = PBXBuildFile; fileRef = 637495A02746A92600D0F2B5 /* CharacterDetailsHeaderView.swift */; };
		637495A52746D24500D0F2B5 /* sf-pro-display-bold.ttf in Resources */ = {isa = PBXBuildFile; fileRef = 637495A42746D24500D0F2B5 /* sf-pro-display-bold.ttf */; };
		63D9402F274FBABA00187FB4 /* LocationCollectionViewCell.swift in Sources */ = {isa = PBXBuildFile; fileRef = 63D9402E274FBABA00187FB4 /* LocationCollectionViewCell.swift */; };
		63F7B8CF2751632600B57B42 /* EpisodesViewController.swift in Sources */ = {isa = PBXBuildFile; fileRef = 63F7B8CE2751632600B57B42 /* EpisodesViewController.swift */; };
		65A0741B0E1E38FE9F775DE9 /* Pods_RickAndMorty.framework in Frameworks */ = {isa = PBXBuildFile; fileRef = 288E37DEE1B3DF705983A0A2 /* Pods_RickAndMorty.framework */; };
/* End PBXBuildFile section */

/* Begin PBXFileReference section */
		046708D3B52F0573A32F8582 /* Pods-RickAndMorty.debug.xcconfig */ = {isa = PBXFileReference; includeInIndex = 1; lastKnownFileType = text.xcconfig; name = "Pods-RickAndMorty.debug.xcconfig"; path = "Target Support Files/Pods-RickAndMorty/Pods-RickAndMorty.debug.xcconfig"; sourceTree = "<group>"; };
		288E37DEE1B3DF705983A0A2 /* Pods_RickAndMorty.framework */ = {isa = PBXFileReference; explicitFileType = wrapper.framework; includeInIndex = 0; path = Pods_RickAndMorty.framework; sourceTree = BUILT_PRODUCTS_DIR; };
		4FA1BB475882F720F0C537AD /* Pods-RickAndMorty.release.xcconfig */ = {isa = PBXFileReference; includeInIndex = 1; lastKnownFileType = text.xcconfig; name = "Pods-RickAndMorty.release.xcconfig"; path = "Target Support Files/Pods-RickAndMorty/Pods-RickAndMorty.release.xcconfig"; sourceTree = "<group>"; };
		632311732750F2CE00E626CA /* LocationTypeFilterViewController.swift */ = {isa = PBXFileReference; lastKnownFileType = sourcecode.swift; path = LocationTypeFilterViewController.swift; sourceTree = "<group>"; };
		63231175275102BA00E626CA /* LocationDimensionFilterViewController.swift */ = {isa = PBXFileReference; lastKnownFileType = sourcecode.swift; path = LocationDimensionFilterViewController.swift; sourceTree = "<group>"; };
		63346F062738431E007E642F /* HeaderTableViewCell.swift */ = {isa = PBXFileReference; lastKnownFileType = sourcecode.swift; path = HeaderTableViewCell.swift; sourceTree = "<group>"; };
		63366DDE2732CD7400DE3AAD /* TableView.swift */ = {isa = PBXFileReference; lastKnownFileType = sourcecode.swift; path = TableView.swift; sourceTree = "<group>"; };
		63366DE02732D02E00DE3AAD /* CharactersFilterViewController.swift */ = {isa = PBXFileReference; lastKnownFileType = sourcecode.swift; path = CharactersFilterViewController.swift; sourceTree = "<group>"; };
		63366DE22732E1FE00DE3AAD /* FilterCell.swift */ = {isa = PBXFileReference; lastKnownFileType = sourcecode.swift; path = FilterCell.swift; sourceTree = "<group>"; };
		6341323F274A64D3005D6344 /* CharacterNameFilterViewController.swift */ = {isa = PBXFileReference; lastKnownFileType = sourcecode.swift; path = CharacterNameFilterViewController.swift; sourceTree = "<group>"; };
		63413241274A64EE005D6344 /* NameFilterView.swift */ = {isa = PBXFileReference; lastKnownFileType = sourcecode.swift; path = NameFilterView.swift; sourceTree = "<group>"; };
		63413243274A6520005D6344 /* CharacterSpeciesFilterViewController.swift */ = {isa = PBXFileReference; lastKnownFileType = sourcecode.swift; path = CharacterSpeciesFilterViewController.swift; sourceTree = "<group>"; };
		63457E042742A58D009D81E5 /* CustomButtons.swift */ = {isa = PBXFileReference; lastKnownFileType = sourcecode.swift; path = CustomButtons.swift; sourceTree = "<group>"; };
		63507D07273022D7008CB402 /* RickAndMorty.app */ = {isa = PBXFileReference; explicitFileType = wrapper.application; includeInIndex = 0; path = RickAndMorty.app; sourceTree = BUILT_PRODUCTS_DIR; };
		63507D0A273022D7008CB402 /* AppDelegate.swift */ = {isa = PBXFileReference; lastKnownFileType = sourcecode.swift; path = AppDelegate.swift; sourceTree = "<group>"; };
		63507D0C273022D7008CB402 /* SceneDelegate.swift */ = {isa = PBXFileReference; lastKnownFileType = sourcecode.swift; path = SceneDelegate.swift; sourceTree = "<group>"; };
		63507D13273022D9008CB402 /* Assets.xcassets */ = {isa = PBXFileReference; lastKnownFileType = folder.assetcatalog; path = Assets.xcassets; sourceTree = "<group>"; };
		63507D16273022D9008CB402 /* Base */ = {isa = PBXFileReference; lastKnownFileType = file.storyboard; name = Base; path = Base.lproj/LaunchScreen.storyboard; sourceTree = "<group>"; };
		63507D18273022D9008CB402 /* Info.plist */ = {isa = PBXFileReference; lastKnownFileType = text.plist.xml; path = Info.plist; sourceTree = "<group>"; };
		63507D22273032CD008CB402 /* Character.swift */ = {isa = PBXFileReference; lastKnownFileType = sourcecode.swift; path = Character.swift; sourceTree = "<group>"; };
		63507D242730332A008CB402 /* Episode.swift */ = {isa = PBXFileReference; lastKnownFileType = sourcecode.swift; path = Episode.swift; sourceTree = "<group>"; };
		63507D2627303352008CB402 /* Location.swift */ = {isa = PBXFileReference; lastKnownFileType = sourcecode.swift; path = Location.swift; sourceTree = "<group>"; };
		63507D29273033D2008CB402 /* sf-pro-text-regular.ttf */ = {isa = PBXFileReference; lastKnownFileType = file; path = "sf-pro-text-regular.ttf"; sourceTree = "<group>"; };
		63507D2A273033D2008CB402 /* sf-pro-text-semibold.ttf */ = {isa = PBXFileReference; lastKnownFileType = file; path = "sf-pro-text-semibold.ttf"; sourceTree = "<group>"; };
		63507D2B273033D2008CB402 /* sf-pro-text-bold.ttf */ = {isa = PBXFileReference; lastKnownFileType = file; path = "sf-pro-text-bold.ttf"; sourceTree = "<group>"; };
		63507D2C273033D2008CB402 /* sf-pro-text-medium.ttf */ = {isa = PBXFileReference; lastKnownFileType = file; path = "sf-pro-text-medium.ttf"; sourceTree = "<group>"; };
		63507D352730350A008CB402 /* UIColor+Extensions.swift */ = {isa = PBXFileReference; lastKnownFileType = sourcecode.swift; path = "UIColor+Extensions.swift"; sourceTree = "<group>"; };
		63507D382730354C008CB402 /* NetworkManager.swift */ = {isa = PBXFileReference; lastKnownFileType = sourcecode.swift; path = NetworkManager.swift; sourceTree = "<group>"; };
		63507D3E27303686008CB402 /* CollectionView.swift */ = {isa = PBXFileReference; lastKnownFileType = sourcecode.swift; path = CollectionView.swift; sourceTree = "<group>"; };
		63507D40273036FB008CB402 /* CharactersCollectionViewCell.swift */ = {isa = PBXFileReference; lastKnownFileType = sourcecode.swift; path = CharactersCollectionViewCell.swift; sourceTree = "<group>"; };
		63507D422730373F008CB402 /* CharactersViewController.swift */ = {isa = PBXFileReference; lastKnownFileType = sourcecode.swift; path = CharactersViewController.swift; sourceTree = "<group>"; };
		635515D927501582005E82B1 /* LocationNameFilterViewController.swift */ = {isa = PBXFileReference; lastKnownFileType = sourcecode.swift; path = LocationNameFilterViewController.swift; sourceTree = "<group>"; };
		636278AC274FFF9900FE9317 /* LocationsFilterViewController.swift */ = {isa = PBXFileReference; lastKnownFileType = sourcecode.swift; path = LocationsFilterViewController.swift; sourceTree = "<group>"; };
		63632FE727491FDD009588C9 /* HeaderSection.swift */ = {isa = PBXFileReference; lastKnownFileType = sourcecode.swift; path = HeaderSection.swift; sourceTree = "<group>"; };
		6363E91727398C8E00BFD947 /* FilterTypes.swift */ = {isa = PBXFileReference; lastKnownFileType = sourcecode.swift; path = FilterTypes.swift; sourceTree = "<group>"; };
		6367666027525994001ADC71 /* EpisodesFilterViewController.swift */ = {isa = PBXFileReference; lastKnownFileType = sourcecode.swift; path = EpisodesFilterViewController.swift; sourceTree = "<group>"; };
		63676662275264D5001ADC71 /* EpisodesNameFilterViewController.swift */ = {isa = PBXFileReference; lastKnownFileType = sourcecode.swift; path = EpisodesNameFilterViewController.swift; sourceTree = "<group>"; };
		636768A9274E672200D95274 /* NavigationTitleView.swift */ = {isa = PBXFileReference; lastKnownFileType = sourcecode.swift; path = NavigationTitleView.swift; sourceTree = "<group>"; };
		63677DFC2751286B00072D5C /* DetailsView.swift */ = {isa = PBXFileReference; lastKnownFileType = sourcecode.swift; path = DetailsView.swift; sourceTree = "<group>"; };
		63677DFE275128AE00072D5C /* DetailsHeaderView.swift */ = {isa = PBXFileReference; lastKnownFileType = sourcecode.swift; path = DetailsHeaderView.swift; sourceTree = "<group>"; };
		63677E00275130A100072D5C /* LocationDetailsController.swift */ = {isa = PBXFileReference; lastKnownFileType = sourcecode.swift; path = LocationDetailsController.swift; sourceTree = "<group>"; };
		63693E7A27344C7600759076 /* RadioFilterCell.swift */ = {isa = PBXFileReference; lastKnownFileType = sourcecode.swift; path = RadioFilterCell.swift; sourceTree = "<group>"; };
		6369CA74274152DA00983D70 /* FilterCriterias.swift */ = {isa = PBXFileReference; lastKnownFileType = sourcecode.swift; path = FilterCriterias.swift; sourceTree = "<group>"; };
		6369DDF2274FA41200A0F7F1 /* LocationsViewController.swift */ = {isa = PBXFileReference; lastKnownFileType = sourcecode.swift; path = LocationsViewController.swift; sourceTree = "<group>"; };
		6369DDF4274FA5E800A0F7F1 /* TabBarController.swift */ = {isa = PBXFileReference; lastKnownFileType = sourcecode.swift; path = TabBarController.swift; sourceTree = "<group>"; };
		636DCD8827480B4D001EF74E /* DetailsInformationCell.swift */ = {isa = PBXFileReference; lastKnownFileType = sourcecode.swift; path = DetailsInformationCell.swift; sourceTree = "<group>"; };
		636DCD8A27480BA6001EF74E /* EpisodeCell.swift */ = {isa = PBXFileReference; lastKnownFileType = sourcecode.swift; path = EpisodeCell.swift; sourceTree = "<group>"; };
		6374959C2746885C00D0F2B5 /* CharacterDetailsController.swift */ = {isa = PBXFileReference; lastKnownFileType = sourcecode.swift; path = CharacterDetailsController.swift; sourceTree = "<group>"; };
		6374959E2746A86C00D0F2B5 /* CharacterDetailsView.swift */ = {isa = PBXFileReference; lastKnownFileType = sourcecode.swift; path = CharacterDetailsView.swift; sourceTree = "<group>"; };
		637495A02746A92600D0F2B5 /* CharacterDetailsHeaderView.swift */ = {isa = PBXFileReference; lastKnownFileType = sourcecode.swift; path = CharacterDetailsHeaderView.swift; sourceTree = "<group>"; };
		637495A42746D24500D0F2B5 /* sf-pro-display-bold.ttf */ = {isa = PBXFileReference; lastKnownFileType = file; path = "sf-pro-display-bold.ttf"; sourceTree = "<group>"; };
		63D9402E274FBABA00187FB4 /* LocationCollectionViewCell.swift */ = {isa = PBXFileReference; lastKnownFileType = sourcecode.swift; path = LocationCollectionViewCell.swift; sourceTree = "<group>"; };
		63F7B8CE2751632600B57B42 /* EpisodesViewController.swift */ = {isa = PBXFileReference; lastKnownFileType = sourcecode.swift; path = EpisodesViewController.swift; sourceTree = "<group>"; };
/* End PBXFileReference section */

/* Begin PBXFrameworksBuildPhase section */
		63507D04273022D7008CB402 /* Frameworks */ = {
			isa = PBXFrameworksBuildPhase;
			buildActionMask = 2147483647;
			files = (
				65A0741B0E1E38FE9F775DE9 /* Pods_RickAndMorty.framework in Frameworks */,
			);
			runOnlyForDeploymentPostprocessing = 0;
		};
/* End PBXFrameworksBuildPhase section */

/* Begin PBXGroup section */
		29F50B9DF2E5C3D3AB944284 /* Pods */ = {
			isa = PBXGroup;
			children = (
				046708D3B52F0573A32F8582 /* Pods-RickAndMorty.debug.xcconfig */,
				4FA1BB475882F720F0C537AD /* Pods-RickAndMorty.release.xcconfig */,
			);
			path = Pods;
			sourceTree = "<group>";
		};
		5E127A9BD221094EBC48465E /* Frameworks */ = {
			isa = PBXGroup;
			children = (
				288E37DEE1B3DF705983A0A2 /* Pods_RickAndMorty.framework */,
			);
			name = Frameworks;
			sourceTree = "<group>";
		};
		63366DDB2732CD0F00DE3AAD /* CharactersFilter */ = {
			isa = PBXGroup;
			children = (
				63366DDD2732CD3400DE3AAD /* Controller */,
				63366DDC2732CD3000DE3AAD /* View */,
			);
			path = CharactersFilter;
			sourceTree = "<group>";
		};
		63366DDC2732CD3000DE3AAD /* View */ = {
			isa = PBXGroup;
			children = (
				63346F062738431E007E642F /* HeaderTableViewCell.swift */,
			);
			path = View;
			sourceTree = "<group>";
		};
		63366DDD2732CD3400DE3AAD /* Controller */ = {
			isa = PBXGroup;
			children = (
				63366DE02732D02E00DE3AAD /* CharactersFilterViewController.swift */,
				6341323F274A64D3005D6344 /* CharacterNameFilterViewController.swift */,
				63413243274A6520005D6344 /* CharacterSpeciesFilterViewController.swift */,
			);
			path = Controller;
			sourceTree = "<group>";
		};
		63507CFE273022D7008CB402 = {
			isa = PBXGroup;
			children = (
				63507D09273022D7008CB402 /* RickAndMorty */,
				63507D08273022D7008CB402 /* Products */,
				29F50B9DF2E5C3D3AB944284 /* Pods */,
				5E127A9BD221094EBC48465E /* Frameworks */,
			);
			sourceTree = "<group>";
		};
		63507D08273022D7008CB402 /* Products */ = {
			isa = PBXGroup;
			children = (
				63507D07273022D7008CB402 /* RickAndMorty.app */,
			);
			name = Products;
			sourceTree = "<group>";
		};
		63507D09273022D7008CB402 /* RickAndMorty */ = {
			isa = PBXGroup;
			children = (
				63507D1E27303157008CB402 /* App */,
				63507D1F27303177008CB402 /* Core */,
				63507D2027303186008CB402 /* Resources */,
			);
			path = RickAndMorty;
			sourceTree = "<group>";
		};
		63507D1E27303157008CB402 /* App */ = {
			isa = PBXGroup;
			children = (
				63507D0A273022D7008CB402 /* AppDelegate.swift */,
				63507D0C273022D7008CB402 /* SceneDelegate.swift */,
				63507D21273032AD008CB402 /* Entity */,
				63507D3A2730358D008CB402 /* Flows */,
				636768B4274EB55100D95274 /* CommonViews */,
			);
			path = App;
			sourceTree = "<group>";
		};
		63507D1F27303177008CB402 /* Core */ = {
			isa = PBXGroup;
			children = (
				6369CA74274152DA00983D70 /* FilterCriterias.swift */,
				63507D34273034E2008CB402 /* Extensions */,
				63507D3727303529008CB402 /* New Group */,
				63457E042742A58D009D81E5 /* CustomButtons.swift */,
				6369DDF4274FA5E800A0F7F1 /* TabBarController.swift */,
			);
			path = Core;
			sourceTree = "<group>";
		};
		63507D2027303186008CB402 /* Resources */ = {
			isa = PBXGroup;
			children = (
				63507D13273022D9008CB402 /* Assets.xcassets */,
				63507D15273022D9008CB402 /* LaunchScreen.storyboard */,
				63507D2827303394008CB402 /* Fonts */,
				63507D18273022D9008CB402 /* Info.plist */,
			);
			path = Resources;
			sourceTree = "<group>";
		};
		63507D21273032AD008CB402 /* Entity */ = {
			isa = PBXGroup;
			children = (
				63507D22273032CD008CB402 /* Character.swift */,
				63507D242730332A008CB402 /* Episode.swift */,
				63507D2627303352008CB402 /* Location.swift */,
				6363E91727398C8E00BFD947 /* FilterTypes.swift */,
			);
			path = Entity;
			sourceTree = "<group>";
		};
		63507D2827303394008CB402 /* Fonts */ = {
			isa = PBXGroup;
			children = (
				637495A42746D24500D0F2B5 /* sf-pro-display-bold.ttf */,
				63507D2B273033D2008CB402 /* sf-pro-text-bold.ttf */,
				63507D2C273033D2008CB402 /* sf-pro-text-medium.ttf */,
				63507D29273033D2008CB402 /* sf-pro-text-regular.ttf */,
				63507D2A273033D2008CB402 /* sf-pro-text-semibold.ttf */,
			);
			path = Fonts;
			sourceTree = "<group>";
		};
		63507D34273034E2008CB402 /* Extensions */ = {
			isa = PBXGroup;
			children = (
				63507D352730350A008CB402 /* UIColor+Extensions.swift */,
			);
			path = Extensions;
			sourceTree = "<group>";
		};
		63507D3727303529008CB402 /* New Group */ = {
			isa = PBXGroup;
			children = (
				63507D382730354C008CB402 /* NetworkManager.swift */,
			);
			path = "New Group";
			sourceTree = "<group>";
		};
		63507D3A2730358D008CB402 /* Flows */ = {
			isa = PBXGroup;
			children = (
				63507D3B273035B8008CB402 /* Characters */,
				636768AC274EB40100D95274 /* Locations */,
				636768AD274EB43800D95274 /* Episodes */,
			);
			path = Flows;
			sourceTree = "<group>";
		};
		63507D3B273035B8008CB402 /* Characters */ = {
			isa = PBXGroup;
			children = (
				636768AB274EB3B900D95274 /* Character */,
				63366DDB2732CD0F00DE3AAD /* CharactersFilter */,
				637495992746842300D0F2B5 /* CharacterDetails */,
			);
			path = Characters;
			sourceTree = "<group>";
		};
		63507D3C273035C8008CB402 /* Controller */ = {
			isa = PBXGroup;
			children = (
				63507D422730373F008CB402 /* CharactersViewController.swift */,
			);
			path = Controller;
			sourceTree = "<group>";
		};
		63507D3D273035D4008CB402 /* View */ = {
			isa = PBXGroup;
			children = (
			);
			path = View;
			sourceTree = "<group>";
		};
		635515D8275013A9005E82B1 /* Controller */ = {
			isa = PBXGroup;
			children = (
				636278AC274FFF9900FE9317 /* LocationsFilterViewController.swift */,
				635515D927501582005E82B1 /* LocationNameFilterViewController.swift */,
				632311732750F2CE00E626CA /* LocationTypeFilterViewController.swift */,
				63231175275102BA00E626CA /* LocationDimensionFilterViewController.swift */,
			);
			path = Controller;
			sourceTree = "<group>";
		};
		636768AB274EB3B900D95274 /* Character */ = {
			isa = PBXGroup;
			children = (
				63507D3C273035C8008CB402 /* Controller */,
				63507D3D273035D4008CB402 /* View */,
			);
			path = Character;
			sourceTree = "<group>";
		};
		636768AC274EB40100D95274 /* Locations */ = {
			isa = PBXGroup;
			children = (
				636768AE274EB47400D95274 /* Location */,
				636768AF274EB47D00D95274 /* LocationFilter */,
				636768B0274EB48C00D95274 /* LocationDetails */,
			);
			path = Locations;
			sourceTree = "<group>";
		};
		636768AD274EB43800D95274 /* Episodes */ = {
			isa = PBXGroup;
			children = (
				636768B1274EB4B400D95274 /* Episode */,
				636768B2274EB4B900D95274 /* EpisodeFilter */,
				636768B3274EB4C200D95274 /* EpisodeDetails */,
			);
			path = Episodes;
			sourceTree = "<group>";
		};
		636768AE274EB47400D95274 /* Location */ = {
			isa = PBXGroup;
			children = (
				6369DDF1274FA38400A0F7F1 /* Controller */,
				6369DDF0274FA38100A0F7F1 /* View */,
			);
			path = Location;
			sourceTree = "<group>";
		};
		636768AF274EB47D00D95274 /* LocationFilter */ = {
			isa = PBXGroup;
			children = (
				635515D8275013A9005E82B1 /* Controller */,
			);
			path = LocationFilter;
			sourceTree = "<group>";
		};
		636768B0274EB48C00D95274 /* LocationDetails */ = {
			isa = PBXGroup;
			children = (
				63677DFA275125DD00072D5C /* Controller */,
			);
			path = LocationDetails;
			sourceTree = "<group>";
		};
		636768B1274EB4B400D95274 /* Episode */ = {
			isa = PBXGroup;
			children = (
				63F7B8CE2751632600B57B42 /* EpisodesViewController.swift */,
			);
			path = Episode;
			sourceTree = "<group>";
		};
		636768B2274EB4B900D95274 /* EpisodeFilter */ = {
			isa = PBXGroup;
			children = (
				6367666027525994001ADC71 /* EpisodesFilterViewController.swift */,
				63676662275264D5001ADC71 /* EpisodesNameFilterViewController.swift */,
			);
			path = EpisodeFilter;
			sourceTree = "<group>";
		};
		636768B3274EB4C200D95274 /* EpisodeDetails */ = {
			isa = PBXGroup;
			children = (
			);
			path = EpisodeDetails;
			sourceTree = "<group>";
		};
		636768B4274EB55100D95274 /* CommonViews */ = {
			isa = PBXGroup;
			children = (
				63507D3E27303686008CB402 /* CollectionView.swift */,
				63507D40273036FB008CB402 /* CharactersCollectionViewCell.swift */,
				63366DDE2732CD7400DE3AAD /* TableView.swift */,
				63366DE22732E1FE00DE3AAD /* FilterCell.swift */,
				636DCD8827480B4D001EF74E /* DetailsInformationCell.swift */,
				63693E7A27344C7600759076 /* RadioFilterCell.swift */,
				63413241274A64EE005D6344 /* NameFilterView.swift */,
				636768A9274E672200D95274 /* NavigationTitleView.swift */,
				636DCD8A27480BA6001EF74E /* EpisodeCell.swift */,
				63632FE727491FDD009588C9 /* HeaderSection.swift */,
				63677DFC2751286B00072D5C /* DetailsView.swift */,
				63677DFE275128AE00072D5C /* DetailsHeaderView.swift */,
			);
			path = CommonViews;
			sourceTree = "<group>";
		};
		63677DFA275125DD00072D5C /* Controller */ = {
			isa = PBXGroup;
			children = (
				63677E00275130A100072D5C /* LocationDetailsController.swift */,
			);
			path = Controller;
			sourceTree = "<group>";
		};
		6369DDF0274FA38100A0F7F1 /* View */ = {
			isa = PBXGroup;
			children = (
				63D9402E274FBABA00187FB4 /* LocationCollectionViewCell.swift */,
			);
			path = View;
			sourceTree = "<group>";
		};
		6369DDF1274FA38400A0F7F1 /* Controller */ = {
			isa = PBXGroup;
			children = (
				6369DDF2274FA41200A0F7F1 /* LocationsViewController.swift */,
			);
			path = Controller;
			sourceTree = "<group>";
		};
		637495992746842300D0F2B5 /* CharacterDetails */ = {
			isa = PBXGroup;
			children = (
				6374959B2746844500D0F2B5 /* Controller */,
				6374959A2746844100D0F2B5 /* View */,
			);
			path = CharacterDetails;
			sourceTree = "<group>";
		};
		6374959A2746844100D0F2B5 /* View */ = {
			isa = PBXGroup;
			children = (
				6374959E2746A86C00D0F2B5 /* CharacterDetailsView.swift */,
				637495A02746A92600D0F2B5 /* CharacterDetailsHeaderView.swift */,
			);
			path = View;
			sourceTree = "<group>";
		};
		6374959B2746844500D0F2B5 /* Controller */ = {
			isa = PBXGroup;
			children = (
				6374959C2746885C00D0F2B5 /* CharacterDetailsController.swift */,
			);
			path = Controller;
			sourceTree = "<group>";
		};
/* End PBXGroup section */

/* Begin PBXNativeTarget section */
		63507D06273022D7008CB402 /* RickAndMorty */ = {
			isa = PBXNativeTarget;
			buildConfigurationList = 63507D1B273022D9008CB402 /* Build configuration list for PBXNativeTarget "RickAndMorty" */;
			buildPhases = (
				7F141C0936B68F9251BB6D8E /* [CP] Check Pods Manifest.lock */,
				63507D03273022D7008CB402 /* Sources */,
				63507D04273022D7008CB402 /* Frameworks */,
				63507D05273022D7008CB402 /* Resources */,
				75DDB8B8BEF06F266866D98B /* [CP] Embed Pods Frameworks */,
			);
			buildRules = (
			);
			dependencies = (
			);
			name = RickAndMorty;
			productName = RickAndMorty;
			productReference = 63507D07273022D7008CB402 /* RickAndMorty.app */;
			productType = "com.apple.product-type.application";
		};
/* End PBXNativeTarget section */

/* Begin PBXProject section */
		63507CFF273022D7008CB402 /* Project object */ = {
			isa = PBXProject;
			attributes = {
				BuildIndependentTargetsInParallel = 1;
				LastSwiftUpdateCheck = 1310;
				LastUpgradeCheck = 1310;
				TargetAttributes = {
					63507D06273022D7008CB402 = {
						CreatedOnToolsVersion = 13.1;
					};
				};
			};
			buildConfigurationList = 63507D02273022D7008CB402 /* Build configuration list for PBXProject "RickAndMorty" */;
			compatibilityVersion = "Xcode 13.0";
			developmentRegion = en;
			hasScannedForEncodings = 0;
			knownRegions = (
				en,
				Base,
			);
			mainGroup = 63507CFE273022D7008CB402;
			productRefGroup = 63507D08273022D7008CB402 /* Products */;
			projectDirPath = "";
			projectRoot = "";
			targets = (
				63507D06273022D7008CB402 /* RickAndMorty */,
			);
		};
/* End PBXProject section */

/* Begin PBXResourcesBuildPhase section */
		63507D05273022D7008CB402 /* Resources */ = {
			isa = PBXResourcesBuildPhase;
			buildActionMask = 2147483647;
			files = (
				63507D2D273033D2008CB402 /* sf-pro-text-regular.ttf in Resources */,
				637495A52746D24500D0F2B5 /* sf-pro-display-bold.ttf in Resources */,
				63507D2E273033D2008CB402 /* sf-pro-text-semibold.ttf in Resources */,
				63507D2F273033D2008CB402 /* sf-pro-text-bold.ttf in Resources */,
				63507D30273033D2008CB402 /* sf-pro-text-medium.ttf in Resources */,
				63507D17273022D9008CB402 /* LaunchScreen.storyboard in Resources */,
				63507D14273022D9008CB402 /* Assets.xcassets in Resources */,
			);
			runOnlyForDeploymentPostprocessing = 0;
		};
/* End PBXResourcesBuildPhase section */

/* Begin PBXShellScriptBuildPhase section */
		75DDB8B8BEF06F266866D98B /* [CP] Embed Pods Frameworks */ = {
			isa = PBXShellScriptBuildPhase;
			buildActionMask = 2147483647;
			files = (
			);
			inputFileListPaths = (
				"${PODS_ROOT}/Target Support Files/Pods-RickAndMorty/Pods-RickAndMorty-frameworks-${CONFIGURATION}-input-files.xcfilelist",
			);
			name = "[CP] Embed Pods Frameworks";
			outputFileListPaths = (
				"${PODS_ROOT}/Target Support Files/Pods-RickAndMorty/Pods-RickAndMorty-frameworks-${CONFIGURATION}-output-files.xcfilelist",
			);
			runOnlyForDeploymentPostprocessing = 0;
			shellPath = /bin/sh;
			shellScript = "\"${PODS_ROOT}/Target Support Files/Pods-RickAndMorty/Pods-RickAndMorty-frameworks.sh\"\n";
			showEnvVarsInLog = 0;
		};
		7F141C0936B68F9251BB6D8E /* [CP] Check Pods Manifest.lock */ = {
			isa = PBXShellScriptBuildPhase;
			buildActionMask = 2147483647;
			files = (
			);
			inputFileListPaths = (
			);
			inputPaths = (
				"${PODS_PODFILE_DIR_PATH}/Podfile.lock",
				"${PODS_ROOT}/Manifest.lock",
			);
			name = "[CP] Check Pods Manifest.lock";
			outputFileListPaths = (
			);
			outputPaths = (
				"$(DERIVED_FILE_DIR)/Pods-RickAndMorty-checkManifestLockResult.txt",
			);
			runOnlyForDeploymentPostprocessing = 0;
			shellPath = /bin/sh;
			shellScript = "diff \"${PODS_PODFILE_DIR_PATH}/Podfile.lock\" \"${PODS_ROOT}/Manifest.lock\" > /dev/null\nif [ $? != 0 ] ; then\n    # print error to STDERR\n    echo \"error: The sandbox is not in sync with the Podfile.lock. Run 'pod install' or update your CocoaPods installation.\" >&2\n    exit 1\nfi\n# This output is used by Xcode 'outputs' to avoid re-running this script phase.\necho \"SUCCESS\" > \"${SCRIPT_OUTPUT_FILE_0}\"\n";
			showEnvVarsInLog = 0;
		};
/* End PBXShellScriptBuildPhase section */

/* Begin PBXSourcesBuildPhase section */
		63507D03273022D7008CB402 /* Sources */ = {
			isa = PBXSourcesBuildPhase;
			buildActionMask = 2147483647;
			files = (
				63632FE827491FDD009588C9 /* HeaderSection.swift in Sources */,
				636DCD8B27480BA6001EF74E /* EpisodeCell.swift in Sources */,
				6369CA75274152DA00983D70 /* FilterCriterias.swift in Sources */,
				635515DA27501582005E82B1 /* LocationNameFilterViewController.swift in Sources */,
				6369DDF5274FA5E800A0F7F1 /* TabBarController.swift in Sources */,
				63366DE12732D02E00DE3AAD /* CharactersFilterViewController.swift in Sources */,
				63676663275264D5001ADC71 /* EpisodesNameFilterViewController.swift in Sources */,
				63507D432730373F008CB402 /* CharactersViewController.swift in Sources */,
				63457E052742A58E009D81E5 /* CustomButtons.swift in Sources */,
				636278AD274FFF9900FE9317 /* LocationsFilterViewController.swift in Sources */,
				63507D41273036FB008CB402 /* CharactersCollectionViewCell.swift in Sources */,
				63413244274A6520005D6344 /* CharacterSpeciesFilterViewController.swift in Sources */,
				632311742750F2CF00E626CA /* LocationTypeFilterViewController.swift in Sources */,
				63507D23273032CD008CB402 /* Character.swift in Sources */,
				63507D252730332A008CB402 /* Episode.swift in Sources */,
				636768AA274E672200D95274 /* NavigationTitleView.swift in Sources */,
				636DCD8927480B4D001EF74E /* DetailsInformationCell.swift in Sources */,
				63231176275102BA00E626CA /* LocationDimensionFilterViewController.swift in Sources */,
				63677DFF275128AE00072D5C /* DetailsHeaderView.swift in Sources */,
				63507D2727303352008CB402 /* Location.swift in Sources */,
				63507D0B273022D7008CB402 /* AppDelegate.swift in Sources */,
				63366DE32732E1FE00DE3AAD /* FilterCell.swift in Sources */,
				63413240274A64D3005D6344 /* CharacterNameFilterViewController.swift in Sources */,
				63507D392730354C008CB402 /* NetworkManager.swift in Sources */,
				63677DFD2751286B00072D5C /* DetailsView.swift in Sources */,
				63F7B8CF2751632600B57B42 /* EpisodesViewController.swift in Sources */,
				63507D362730350A008CB402 /* UIColor+Extensions.swift in Sources */,
				63507D3F27303686008CB402 /* CollectionView.swift in Sources */,
				63413242274A64EE005D6344 /* NameFilterView.swift in Sources */,
				63507D0D273022D7008CB402 /* SceneDelegate.swift in Sources */,
				63366DDF2732CD7400DE3AAD /* TableView.swift in Sources */,
				63346F072738431E007E642F /* HeaderTableViewCell.swift in Sources */,
				63D9402F274FBABA00187FB4 /* LocationCollectionViewCell.swift in Sources */,
				637495A12746A92600D0F2B5 /* CharacterDetailsHeaderView.swift in Sources */,
				6369DDF3274FA41200A0F7F1 /* LocationsViewController.swift in Sources */,
				6374959D2746885C00D0F2B5 /* CharacterDetailsController.swift in Sources */,
				6374959F2746A86C00D0F2B5 /* CharacterDetailsView.swift in Sources */,
				63677E01275130A100072D5C /* LocationDetailsController.swift in Sources */,
				6363E91827398C8E00BFD947 /* FilterTypes.swift in Sources */,
				6367666127525994001ADC71 /* EpisodesFilterViewController.swift in Sources */,
				63693E7B27344C7600759076 /* RadioFilterCell.swift in Sources */,
			);
			runOnlyForDeploymentPostprocessing = 0;
		};
/* End PBXSourcesBuildPhase section */

/* Begin PBXVariantGroup section */
		63507D15273022D9008CB402 /* LaunchScreen.storyboard */ = {
			isa = PBXVariantGroup;
			children = (
				63507D16273022D9008CB402 /* Base */,
			);
			name = LaunchScreen.storyboard;
			sourceTree = "<group>";
		};
/* End PBXVariantGroup section */

/* Begin XCBuildConfiguration section */
		63507D19273022D9008CB402 /* Debug */ = {
			isa = XCBuildConfiguration;
			buildSettings = {
				ALWAYS_SEARCH_USER_PATHS = NO;
				CLANG_ANALYZER_NONNULL = YES;
				CLANG_ANALYZER_NUMBER_OBJECT_CONVERSION = YES_AGGRESSIVE;
				CLANG_CXX_LANGUAGE_STANDARD = "gnu++17";
				CLANG_CXX_LIBRARY = "libc++";
				CLANG_ENABLE_MODULES = YES;
				CLANG_ENABLE_OBJC_ARC = YES;
				CLANG_ENABLE_OBJC_WEAK = YES;
				CLANG_WARN_BLOCK_CAPTURE_AUTORELEASING = YES;
				CLANG_WARN_BOOL_CONVERSION = YES;
				CLANG_WARN_COMMA = YES;
				CLANG_WARN_CONSTANT_CONVERSION = YES;
				CLANG_WARN_DEPRECATED_OBJC_IMPLEMENTATIONS = YES;
				CLANG_WARN_DIRECT_OBJC_ISA_USAGE = YES_ERROR;
				CLANG_WARN_DOCUMENTATION_COMMENTS = YES;
				CLANG_WARN_EMPTY_BODY = YES;
				CLANG_WARN_ENUM_CONVERSION = YES;
				CLANG_WARN_INFINITE_RECURSION = YES;
				CLANG_WARN_INT_CONVERSION = YES;
				CLANG_WARN_NON_LITERAL_NULL_CONVERSION = YES;
				CLANG_WARN_OBJC_IMPLICIT_RETAIN_SELF = YES;
				CLANG_WARN_OBJC_LITERAL_CONVERSION = YES;
				CLANG_WARN_OBJC_ROOT_CLASS = YES_ERROR;
				CLANG_WARN_QUOTED_INCLUDE_IN_FRAMEWORK_HEADER = YES;
				CLANG_WARN_RANGE_LOOP_ANALYSIS = YES;
				CLANG_WARN_STRICT_PROTOTYPES = YES;
				CLANG_WARN_SUSPICIOUS_MOVE = YES;
				CLANG_WARN_UNGUARDED_AVAILABILITY = YES_AGGRESSIVE;
				CLANG_WARN_UNREACHABLE_CODE = YES;
				CLANG_WARN__DUPLICATE_METHOD_MATCH = YES;
				COPY_PHASE_STRIP = NO;
				DEBUG_INFORMATION_FORMAT = dwarf;
				ENABLE_STRICT_OBJC_MSGSEND = YES;
				ENABLE_TESTABILITY = YES;
				GCC_C_LANGUAGE_STANDARD = gnu11;
				GCC_DYNAMIC_NO_PIC = NO;
				GCC_NO_COMMON_BLOCKS = YES;
				GCC_OPTIMIZATION_LEVEL = 0;
				GCC_PREPROCESSOR_DEFINITIONS = (
					"DEBUG=1",
					"$(inherited)",
				);
				GCC_WARN_64_TO_32_BIT_CONVERSION = YES;
				GCC_WARN_ABOUT_RETURN_TYPE = YES_ERROR;
				GCC_WARN_UNDECLARED_SELECTOR = YES;
				GCC_WARN_UNINITIALIZED_AUTOS = YES_AGGRESSIVE;
				GCC_WARN_UNUSED_FUNCTION = YES;
				GCC_WARN_UNUSED_VARIABLE = YES;
				IPHONEOS_DEPLOYMENT_TARGET = 15.0;
				MTL_ENABLE_DEBUG_INFO = INCLUDE_SOURCE;
				MTL_FAST_MATH = YES;
				ONLY_ACTIVE_ARCH = YES;
				SDKROOT = iphoneos;
				SWIFT_ACTIVE_COMPILATION_CONDITIONS = DEBUG;
				SWIFT_OPTIMIZATION_LEVEL = "-Onone";
			};
			name = Debug;
		};
		63507D1A273022D9008CB402 /* Release */ = {
			isa = XCBuildConfiguration;
			buildSettings = {
				ALWAYS_SEARCH_USER_PATHS = NO;
				CLANG_ANALYZER_NONNULL = YES;
				CLANG_ANALYZER_NUMBER_OBJECT_CONVERSION = YES_AGGRESSIVE;
				CLANG_CXX_LANGUAGE_STANDARD = "gnu++17";
				CLANG_CXX_LIBRARY = "libc++";
				CLANG_ENABLE_MODULES = YES;
				CLANG_ENABLE_OBJC_ARC = YES;
				CLANG_ENABLE_OBJC_WEAK = YES;
				CLANG_WARN_BLOCK_CAPTURE_AUTORELEASING = YES;
				CLANG_WARN_BOOL_CONVERSION = YES;
				CLANG_WARN_COMMA = YES;
				CLANG_WARN_CONSTANT_CONVERSION = YES;
				CLANG_WARN_DEPRECATED_OBJC_IMPLEMENTATIONS = YES;
				CLANG_WARN_DIRECT_OBJC_ISA_USAGE = YES_ERROR;
				CLANG_WARN_DOCUMENTATION_COMMENTS = YES;
				CLANG_WARN_EMPTY_BODY = YES;
				CLANG_WARN_ENUM_CONVERSION = YES;
				CLANG_WARN_INFINITE_RECURSION = YES;
				CLANG_WARN_INT_CONVERSION = YES;
				CLANG_WARN_NON_LITERAL_NULL_CONVERSION = YES;
				CLANG_WARN_OBJC_IMPLICIT_RETAIN_SELF = YES;
				CLANG_WARN_OBJC_LITERAL_CONVERSION = YES;
				CLANG_WARN_OBJC_ROOT_CLASS = YES_ERROR;
				CLANG_WARN_QUOTED_INCLUDE_IN_FRAMEWORK_HEADER = YES;
				CLANG_WARN_RANGE_LOOP_ANALYSIS = YES;
				CLANG_WARN_STRICT_PROTOTYPES = YES;
				CLANG_WARN_SUSPICIOUS_MOVE = YES;
				CLANG_WARN_UNGUARDED_AVAILABILITY = YES_AGGRESSIVE;
				CLANG_WARN_UNREACHABLE_CODE = YES;
				CLANG_WARN__DUPLICATE_METHOD_MATCH = YES;
				COPY_PHASE_STRIP = NO;
				DEBUG_INFORMATION_FORMAT = "dwarf-with-dsym";
				ENABLE_NS_ASSERTIONS = NO;
				ENABLE_STRICT_OBJC_MSGSEND = YES;
				GCC_C_LANGUAGE_STANDARD = gnu11;
				GCC_NO_COMMON_BLOCKS = YES;
				GCC_WARN_64_TO_32_BIT_CONVERSION = YES;
				GCC_WARN_ABOUT_RETURN_TYPE = YES_ERROR;
				GCC_WARN_UNDECLARED_SELECTOR = YES;
				GCC_WARN_UNINITIALIZED_AUTOS = YES_AGGRESSIVE;
				GCC_WARN_UNUSED_FUNCTION = YES;
				GCC_WARN_UNUSED_VARIABLE = YES;
				IPHONEOS_DEPLOYMENT_TARGET = 15.0;
				MTL_ENABLE_DEBUG_INFO = NO;
				MTL_FAST_MATH = YES;
				SDKROOT = iphoneos;
				SWIFT_COMPILATION_MODE = wholemodule;
				SWIFT_OPTIMIZATION_LEVEL = "-O";
				VALIDATE_PRODUCT = YES;
			};
			name = Release;
		};
		63507D1C273022D9008CB402 /* Debug */ = {
			isa = XCBuildConfiguration;
			baseConfigurationReference = 046708D3B52F0573A32F8582 /* Pods-RickAndMorty.debug.xcconfig */;
			buildSettings = {
				ASSETCATALOG_COMPILER_APPICON_NAME = AppIcon;
				ASSETCATALOG_COMPILER_GLOBAL_ACCENT_COLOR_NAME = AccentColor;
				CODE_SIGN_STYLE = Automatic;
				CURRENT_PROJECT_VERSION = 1;
				DEVELOPMENT_TEAM = QPNAA454T2;
				GENERATE_INFOPLIST_FILE = YES;
				INFOPLIST_FILE = RickAndMorty/Resources/Info.plist;
				INFOPLIST_KEY_UIApplicationSupportsIndirectInputEvents = YES;
				INFOPLIST_KEY_UILaunchStoryboardName = LaunchScreen;
				INFOPLIST_KEY_UISupportedInterfaceOrientations_iPad = "UIInterfaceOrientationPortrait UIInterfaceOrientationPortraitUpsideDown UIInterfaceOrientationLandscapeLeft UIInterfaceOrientationLandscapeRight";
				INFOPLIST_KEY_UISupportedInterfaceOrientations_iPhone = "UIInterfaceOrientationPortrait UIInterfaceOrientationLandscapeLeft UIInterfaceOrientationLandscapeRight";
				LD_RUNPATH_SEARCH_PATHS = (
					"$(inherited)",
					"@executable_path/Frameworks",
				);
				MARKETING_VERSION = 1.0;
				PRODUCT_BUNDLE_IDENTIFIER = RickAndMorty.RickAndMorty;
				PRODUCT_NAME = "$(TARGET_NAME)";
				SWIFT_EMIT_LOC_STRINGS = YES;
				SWIFT_VERSION = 5.0;
				TARGETED_DEVICE_FAMILY = "1,2";
			};
			name = Debug;
		};
		63507D1D273022D9008CB402 /* Release */ = {
			isa = XCBuildConfiguration;
			baseConfigurationReference = 4FA1BB475882F720F0C537AD /* Pods-RickAndMorty.release.xcconfig */;
			buildSettings = {
				ASSETCATALOG_COMPILER_APPICON_NAME = AppIcon;
				ASSETCATALOG_COMPILER_GLOBAL_ACCENT_COLOR_NAME = AccentColor;
				CODE_SIGN_STYLE = Automatic;
				CURRENT_PROJECT_VERSION = 1;
				DEVELOPMENT_TEAM = QPNAA454T2;
				GENERATE_INFOPLIST_FILE = YES;
				INFOPLIST_FILE = RickAndMorty/Resources/Info.plist;
				INFOPLIST_KEY_UIApplicationSupportsIndirectInputEvents = YES;
				INFOPLIST_KEY_UILaunchStoryboardName = LaunchScreen;
				INFOPLIST_KEY_UISupportedInterfaceOrientations_iPad = "UIInterfaceOrientationPortrait UIInterfaceOrientationPortraitUpsideDown UIInterfaceOrientationLandscapeLeft UIInterfaceOrientationLandscapeRight";
				INFOPLIST_KEY_UISupportedInterfaceOrientations_iPhone = "UIInterfaceOrientationPortrait UIInterfaceOrientationLandscapeLeft UIInterfaceOrientationLandscapeRight";
				LD_RUNPATH_SEARCH_PATHS = (
					"$(inherited)",
					"@executable_path/Frameworks",
				);
				MARKETING_VERSION = 1.0;
				PRODUCT_BUNDLE_IDENTIFIER = RickAndMorty.RickAndMorty;
				PRODUCT_NAME = "$(TARGET_NAME)";
				SWIFT_EMIT_LOC_STRINGS = YES;
				SWIFT_VERSION = 5.0;
				TARGETED_DEVICE_FAMILY = "1,2";
			};
			name = Release;
		};
/* End XCBuildConfiguration section */

/* Begin XCConfigurationList section */
		63507D02273022D7008CB402 /* Build configuration list for PBXProject "RickAndMorty" */ = {
			isa = XCConfigurationList;
			buildConfigurations = (
				63507D19273022D9008CB402 /* Debug */,
				63507D1A273022D9008CB402 /* Release */,
			);
			defaultConfigurationIsVisible = 0;
			defaultConfigurationName = Release;
		};
		63507D1B273022D9008CB402 /* Build configuration list for PBXNativeTarget "RickAndMorty" */ = {
			isa = XCConfigurationList;
			buildConfigurations = (
				63507D1C273022D9008CB402 /* Debug */,
				63507D1D273022D9008CB402 /* Release */,
			);
			defaultConfigurationIsVisible = 0;
			defaultConfigurationName = Release;
		};
/* End XCConfigurationList section */
	};
	rootObject = 63507CFF273022D7008CB402 /* Project object */;
}
